
Microsoft Visual Studio Solution File, Format Version 12.00
# Visual Studio 2012
Project("{FAE04EC0-301F-11D3-BF4B-00C04F79EFBC}") = "Raymond.Boten", "Raymond.Boten.csproj", "{478BCC48-2D5F-4A0D-8232-57A155C0B2A6}"
EndProject
Global
	GlobalSection(SolutionConfigurationPlatforms) = preSolution
		Debug|x86 = Debug|x86
		Release|x86 = Release|x86
	EndGlobalSection
	GlobalSection(ProjectConfigurationPlatforms) = postSolution
		{478BCC48-2D5F-4A0D-8232-57A155C0B2A6}.Debug|x86.ActiveCfg = Debug|x86
		{478BCC48-2D5F-4A0D-8232-57A155C0B2A6}.Debug|x86.Build.0 = Debug|x86
		{478BCC48-2D5F-4A0D-8232-57A155C0B2A6}.Release|x86.ActiveCfg = Release|x86
		{478BCC48-2D5F-4A0D-8232-57A155C0B2A6}.Release|x86.Build.0 = Release|x86
	EndGlobalSection
	GlobalSection(SolutionProperties) = preSolution
		HideSolutionNode = FALSE
	EndGlobalSection
EndGlobal
